
Microsoft Visual Studio Solution File, Format Version 12.00
# Visual Studio Version 17
VisualStudioVersion = 17.5.2.0
MinimumVisualStudioVersion = 10.0.40219.1
Project("{FAE04EC0-301F-11D3-BF4B-00C04F79EFBC}") = "Tyted.API", "Tyted.API.csproj", "{1663772E-44DE-BFF9-432C-716497F45CAF}"
EndProject
Project("{FAE04EC0-301F-11D3-BF4B-00C04F79EFBC}") = "Tyted.Tests", "..\Tyted.Tests\Tyted.Tests.csproj", "{2339DCE9-BB5D-40CC-B0E8-F86BC3239BD6}"
EndProject
Global
	GlobalSection(SolutionConfigurationPlatforms) = preSolution
		Debug|Any CPU = Debug|Any CPU
		Debug|x64 = Debug|x64
		Debug|x86 = Debug|x86
		Release|Any CPU = Release|Any CPU
		Release|x64 = Release|x64
		Release|x86 = Release|x86
	EndGlobalSection
	GlobalSection(ProjectConfigurationPlatforms) = postSolution
		{1663772E-44DE-BFF9-432C-716497F45CAF}.Debug|Any CPU.ActiveCfg = Debug|Any CPU
		{1663772E-44DE-BFF9-432C-716497F45CAF}.Debug|Any CPU.Build.0 = Debug|Any CPU
		{1663772E-44DE-BFF9-432C-716497F45CAF}.Debug|x64.ActiveCfg = Debug|Any CPU
		{1663772E-44DE-BFF9-432C-716497F45CAF}.Debug|x64.Build.0 = Debug|Any CPU
		{1663772E-44DE-BFF9-432C-716497F45CAF}.Debug|x86.ActiveCfg = Debug|Any CPU
		{1663772E-44DE-BFF9-432C-716497F45CAF}.Debug|x86.Build.0 = Debug|Any CPU
		{1663772E-44DE-BFF9-432C-716497F45CAF}.Release|Any CPU.ActiveCfg = Release|Any CPU
		{1663772E-44DE-BFF9-432C-716497F45CAF}.Release|Any CPU.Build.0 = Release|Any CPU
		{1663772E-44DE-BFF9-432C-716497F45CAF}.Release|x64.ActiveCfg = Release|Any CPU
		{1663772E-44DE-BFF9-432C-716497F45CAF}.Release|x64.Build.0 = Release|Any CPU
		{1663772E-44DE-BFF9-432C-716497F45CAF}.Release|x86.ActiveCfg = Release|Any CPU
		{1663772E-44DE-BFF9-432C-716497F45CAF}.Release|x86.Build.0 = Release|Any CPU
		{2339DCE9-BB5D-40CC-B0E8-F86BC3239BD6}.Debug|Any CPU.ActiveCfg = Debug|Any CPU
		{2339DCE9-BB5D-40CC-B0E8-F86BC3239BD6}.Debug|Any CPU.Build.0 = Debug|Any CPU
		{2339DCE9-BB5D-40CC-B0E8-F86BC3239BD6}.Debug|x64.ActiveCfg = Debug|Any CPU
		{2339DCE9-BB5D-40CC-B0E8-F86BC3239BD6}.Debug|x64.Build.0 = Debug|Any CPU
		{2339DCE9-BB5D-40CC-B0E8-F86BC3239BD6}.Debug|x86.ActiveCfg = Debug|Any CPU
		{2339DCE9-BB5D-40CC-B0E8-F86BC3239BD6}.Debug|x86.Build.0 = Debug|Any CPU
		{2339DCE9-BB5D-40CC-B0E8-F86BC3239BD6}.Release|Any CPU.ActiveCfg = Release|Any CPU
		{2339DCE9-BB5D-40CC-B0E8-F86BC3239BD6}.Release|Any CPU.Build.0 = Release|Any CPU
		{2339DCE9-BB5D-40CC-B0E8-F86BC3239BD6}.Release|x64.ActiveCfg = Release|Any CPU
		{2339DCE9-BB5D-40CC-B0E8-F86BC3239BD6}.Release|x64.Build.0 = Release|Any CPU
		{2339DCE9-BB5D-40CC-B0E8-F86BC3239BD6}.Release|x86.ActiveCfg = Release|Any CPU
		{2339DCE9-BB5D-40CC-B0E8-F86BC3239BD6}.Release|x86.Build.0 = Release|Any CPU
	EndGlobalSection
	GlobalSection(SolutionProperties) = preSolution
		HideSolutionNode = FALSE
	EndGlobalSection
	GlobalSection(ExtensibilityGlobals) = postSolution
		SolutionGuid = {8735D7CB-9E28-4C14-A2CA-E1EE1A4EC197}
	EndGlobalSection
EndGlobal
